# This file is generated by running "yarn install" inside your project.
# Manual changes might be lost - proceed with caution!

__metadata:
  version: 8
  cacheKey: 10c0

"@js-joda/core@npm:3.2.0":
  version: 3.2.0
  resolution: "@js-joda/core@npm:3.2.0"
  checksum: 10c0/f3b3f58f6788bd1318ef66d108f7bd8f4c09224b826d37d4f0e460d80ed2246ea09da2d88ef66701e5affc19218dee5f42f2ec8f7a99d2d3aa8baf5ecff94ce7
  languageName: node
  linkType: hard

"@js-joda/locale_en-us@npm:3.1.1":
  version: 3.1.1
  resolution: "@js-joda/locale_en-us@npm:3.1.1"
  peerDependencies:
    "@js-joda/core": ">=1.11.0"
    "@js-joda/timezone": ^2.2.0
  checksum: 10c0/1f2f2fec1f4f149774a8435847f4279bc4e118f8da13d24a250e4105cd30b20baa90c6153be081cb15a277ef7ab4f0bd39bfad6b5e30515b836a78088e517b6a
  languageName: node
  linkType: hard

"@js-joda/timezone@npm:2.5.0":
  version: 2.5.0
  resolution: "@js-joda/timezone@npm:2.5.0"
  peerDependencies:
    "@js-joda/core": ">=1.11.0"
  checksum: 10c0/c128b7df798740593ac6f41ca7e6539bd887b56d790d3dbd71ad4a5257d15c2fa0b8e5db76af866ee6bd508efecd444c01bb7f395180fa4d2a5738f958eca087
  languageName: node
  linkType: hard

"root-workspace-0b6124@workspace:.":
  version: 0.0.0-use.local
  resolution: "root-workspace-0b6124@workspace:."
  dependencies:
    "@js-joda/core": "npm:3.2.0"
    "@js-joda/locale_en-us": "npm:3.1.1"
    "@js-joda/timezone": "npm:2.5.0"
  languageName: unknown
  linkType: soft
